
Microsoft Visual Studio Solution File, Format Version 12.00
# Visual Studio Version 16
VisualStudioVersion = 16.0.31911.196
MinimumVisualStudioVersion = 10.0.40219.1
Project("{9A19103F-16F7-4668-BE54-9A1E7A4F7556}") = "ProgrammersBlog.Shared", "ProgrammersBlog.Shared\ProgrammersBlog.Shared.csproj", "{9330F07C-E82B-4536-BD5F-EEC34E5EA7E3}"
EndProject
Project("{9A19103F-16F7-4668-BE54-9A1E7A4F7556}") = "ProgrammersBlog.Entities", "ProgrammersBlog.Entities\ProgrammersBlog.Entities.csproj", "{2C807B59-0EF9-4BB5-BAB6-8B9437ADF978}"
EndProject
Project("{9A19103F-16F7-4668-BE54-9A1E7A4F7556}") = "ProgrammersBlog.Data", "ProgrammersBlog.Data\ProgrammersBlog.Data.csproj", "{A8206D11-9517-4BA4-A3DC-D206483318C4}"
EndProject
Project("{9A19103F-16F7-4668-BE54-9A1E7A4F7556}") = "ProgrammersBlog.Services", "Programmers.Blog.Services\ProgrammersBlog.Services.csproj", "{205648AB-C22D-4990-A75A-72079FB65DBE}"
EndProject
Project("{9A19103F-16F7-4668-BE54-9A1E7A4F7556}") = "ProgrammersBlog.MVC", "Programmers.Blog.MVC\ProgrammersBlog.MVC.csproj", "{1321162B-EEB5-4385-B31F-76ED6FD91E51}"
EndProject
Global
	GlobalSection(SolutionConfigurationPlatforms) = preSolution
		Debug|Any CPU = Debug|Any CPU
		Release|Any CPU = Release|Any CPU
	EndGlobalSection
	GlobalSection(ProjectConfigurationPlatforms) = postSolution
		{9330F07C-E82B-4536-BD5F-EEC34E5EA7E3}.Debug|Any CPU.ActiveCfg = Debug|Any CPU
		{9330F07C-E82B-4536-BD5F-EEC34E5EA7E3}.Debug|Any CPU.Build.0 = Debug|Any CPU
		{9330F07C-E82B-4536-BD5F-EEC34E5EA7E3}.Release|Any CPU.ActiveCfg = Release|Any CPU
		{9330F07C-E82B-4536-BD5F-EEC34E5EA7E3}.Release|Any CPU.Build.0 = Release|Any CPU
		{2C807B59-0EF9-4BB5-BAB6-8B9437ADF978}.Debug|Any CPU.ActiveCfg = Debug|Any CPU
		{2C807B59-0EF9-4BB5-BAB6-8B9437ADF978}.Debug|Any CPU.Build.0 = Debug|Any CPU
		{2C807B59-0EF9-4BB5-BAB6-8B9437ADF978}.Release|Any CPU.ActiveCfg = Release|Any CPU
		{2C807B59-0EF9-4BB5-BAB6-8B9437ADF978}.Release|Any CPU.Build.0 = Release|Any CPU
		{A8206D11-9517-4BA4-A3DC-D206483318C4}.Debug|Any CPU.ActiveCfg = Debug|Any CPU
		{A8206D11-9517-4BA4-A3DC-D206483318C4}.Debug|Any CPU.Build.0 = Debug|Any CPU
		{A8206D11-9517-4BA4-A3DC-D206483318C4}.Release|Any CPU.ActiveCfg = Release|Any CPU
		{A8206D11-9517-4BA4-A3DC-D206483318C4}.Release|Any CPU.Build.0 = Release|Any CPU
		{205648AB-C22D-4990-A75A-72079FB65DBE}.Debug|Any CPU.ActiveCfg = Debug|Any CPU
		{205648AB-C22D-4990-A75A-72079FB65DBE}.Debug|Any CPU.Build.0 = Debug|Any CPU
		{205648AB-C22D-4990-A75A-72079FB65DBE}.Release|Any CPU.ActiveCfg = Release|Any CPU
		{205648AB-C22D-4990-A75A-72079FB65DBE}.Release|Any CPU.Build.0 = Release|Any CPU
		{1321162B-EEB5-4385-B31F-76ED6FD91E51}.Debug|Any CPU.ActiveCfg = Debug|Any CPU
		{1321162B-EEB5-4385-B31F-76ED6FD91E51}.Debug|Any CPU.Build.0 = Debug|Any CPU
		{1321162B-EEB5-4385-B31F-76ED6FD91E51}.Release|Any CPU.ActiveCfg = Release|Any CPU
		{1321162B-EEB5-4385-B31F-76ED6FD91E51}.Release|Any CPU.Build.0 = Release|Any CPU
	EndGlobalSection
	GlobalSection(SolutionProperties) = preSolution
		HideSolutionNode = FALSE
	EndGlobalSection
	GlobalSection(ExtensibilityGlobals) = postSolution
		SolutionGuid = {F3BE03CE-0032-4D00-9478-011D3E0AB0B6}
	EndGlobalSection
EndGlobal
